
Microsoft Visual Studio Solution File, Format Version 12.00
# Visual Studio 15
VisualStudioVersion = 15.0.27703.2047
MinimumVisualStudioVersion = 10.0.40219.1
Project("{8BC9CEB8-8B4A-11D0-8D11-00A0C91BC942}") = "CPlusPlus_Learn", "CPlusPlus_Learn\CPlusPlus_Learn.vcxproj", "{E39166AD-1157-4239-99D4-C26C46867218}"
EndProject
Project("{8BC9CEB8-8B4A-11D0-8D11-00A0C91BC942}") = "01-Learn", "01-Learn\01-Learn.vcxproj", "{F6D87640-0788-44BA-A428-21B804607030}"
EndProject
Project("{8BC9CEB8-8B4A-11D0-8D11-00A0C91BC942}") = "02-Learn", "02-Learn\02-Learn.vcxproj", "{582F0FED-0172-49E6-A6E6-79811171A753}"
EndProject
Project("{8BC9CEB8-8B4A-11D0-8D11-00A0C91BC942}") = "03-Learn", "03-Learn\03-Learn.vcxproj", "{23690935-FBD5-4418-A26D-BE7A32C6E60E}"
EndProject
Project("{8BC9CEB8-8B4A-11D0-8D11-00A0C91BC942}") = "04-Learn", "04-Learn\04-Learn.vcxproj", "{4A2A6024-86F7-4984-8100-62F3D7EE3D07}"
EndProject
Project("{8BC9CEB8-8B4A-11D0-8D11-00A0C91BC942}") = "05-Learn", "05-Learn\05-Learn.vcxproj", "{5EE18DCD-530A-4EEF-8224-BC7C34584254}"
EndProject
Project("{8BC9CEB8-8B4A-11D0-8D11-00A0C91BC942}") = "06-Learn", "06-Learn\06-Learn.vcxproj", "{0F00B3E0-6787-4632-ABEF-56903EF6A748}"
EndProject
Project("{8BC9CEB8-8B4A-11D0-8D11-00A0C91BC942}") = "OL-Program", "OL-Program\OL-Program.vcxproj", "{DE0C3414-8A66-47A5-93BB-F374F818F3CF}"
EndProject
Project("{8BC9CEB8-8B4A-11D0-8D11-00A0C91BC942}") = "String", "String\String.vcxproj", "{AA238E45-A466-4C6E-9E33-84019761A3D0}"
EndProject
Project("{8BC9CEB8-8B4A-11D0-8D11-00A0C91BC942}") = "07-Learn", "07-Learn\07-Learn.vcxproj", "{7DFCD63D-A2E6-43B3-ADE6-1C5B8F441E78}"
EndProject
Project("{8BC9CEB8-8B4A-11D0-8D11-00A0C91BC942}") = "08-Learn", "08-Learn\08-Learn.vcxproj", "{F840512D-5CA3-43B3-9CF8-F112BC4EF72B}"
EndProject
Project("{8BC9CEB8-8B4A-11D0-8D11-00A0C91BC942}") = "09-Learn", "09-Learn\09-Learn.vcxproj", "{79B6308F-5897-4239-8F69-BBB51096B307}"
EndProject
Project("{8BC9CEB8-8B4A-11D0-8D11-00A0C91BC942}") = "LeetCode", "LeetCode\LeetCode.vcxproj", "{EAD7B04D-9549-4F2F-935D-980CA3CCC1AB}"
EndProject
Global
	GlobalSection(SolutionConfigurationPlatforms) = preSolution
		Debug|x64 = Debug|x64
		Debug|x86 = Debug|x86
		Release|x64 = Release|x64
		Release|x86 = Release|x86
	EndGlobalSection
	GlobalSection(ProjectConfigurationPlatforms) = postSolution
		{E39166AD-1157-4239-99D4-C26C46867218}.Debug|x64.ActiveCfg = Debug|x64
		{E39166AD-1157-4239-99D4-C26C46867218}.Debug|x64.Build.0 = Debug|x64
		{E39166AD-1157-4239-99D4-C26C46867218}.Debug|x86.ActiveCfg = Debug|Win32
		{E39166AD-1157-4239-99D4-C26C46867218}.Debug|x86.Build.0 = Debug|Win32
		{E39166AD-1157-4239-99D4-C26C46867218}.Release|x64.ActiveCfg = Release|x64
		{E39166AD-1157-4239-99D4-C26C46867218}.Release|x64.Build.0 = Release|x64
		{E39166AD-1157-4239-99D4-C26C46867218}.Release|x86.ActiveCfg = Release|Win32
		{E39166AD-1157-4239-99D4-C26C46867218}.Release|x86.Build.0 = Release|Win32
		{F6D87640-0788-44BA-A428-21B804607030}.Debug|x64.ActiveCfg = Debug|x64
		{F6D87640-0788-44BA-A428-21B804607030}.Debug|x64.Build.0 = Debug|x64
		{F6D87640-0788-44BA-A428-21B804607030}.Debug|x86.ActiveCfg = Debug|Win32
		{F6D87640-0788-44BA-A428-21B804607030}.Debug|x86.Build.0 = Debug|Win32
		{F6D87640-0788-44BA-A428-21B804607030}.Release|x64.ActiveCfg = Release|x64
		{F6D87640-0788-44BA-A428-21B804607030}.Release|x64.Build.0 = Release|x64
		{F6D87640-0788-44BA-A428-21B804607030}.Release|x86.ActiveCfg = Release|Win32
		{F6D87640-0788-44BA-A428-21B804607030}.Release|x86.Build.0 = Release|Win32
		{582F0FED-0172-49E6-A6E6-79811171A753}.Debug|x64.ActiveCfg = Debug|x64
		{582F0FED-0172-49E6-A6E6-79811171A753}.Debug|x64.Build.0 = Debug|x64
		{582F0FED-0172-49E6-A6E6-79811171A753}.Debug|x86.ActiveCfg = Debug|Win32
		{582F0FED-0172-49E6-A6E6-79811171A753}.Debug|x86.Build.0 = Debug|Win32
		{582F0FED-0172-49E6-A6E6-79811171A753}.Release|x64.ActiveCfg = Release|x64
		{582F0FED-0172-49E6-A6E6-79811171A753}.Release|x64.Build.0 = Release|x64
		{582F0FED-0172-49E6-A6E6-79811171A753}.Release|x86.ActiveCfg = Release|Win32
		{582F0FED-0172-49E6-A6E6-79811171A753}.Release|x86.Build.0 = Release|Win32
		{23690935-FBD5-4418-A26D-BE7A32C6E60E}.Debug|x64.ActiveCfg = Debug|x64
		{23690935-FBD5-4418-A26D-BE7A32C6E60E}.Debug|x64.Build.0 = Debug|x64
		{23690935-FBD5-4418-A26D-BE7A32C6E60E}.Debug|x86.ActiveCfg = Debug|Win32
		{23690935-FBD5-4418-A26D-BE7A32C6E60E}.Debug|x86.Build.0 = Debug|Win32
		{23690935-FBD5-4418-A26D-BE7A32C6E60E}.Release|x64.ActiveCfg = Release|x64
		{23690935-FBD5-4418-A26D-BE7A32C6E60E}.Release|x64.Build.0 = Release|x64
		{23690935-FBD5-4418-A26D-BE7A32C6E60E}.Release|x86.ActiveCfg = Release|Win32
		{23690935-FBD5-4418-A26D-BE7A32C6E60E}.Release|x86.Build.0 = Release|Win32
		{4A2A6024-86F7-4984-8100-62F3D7EE3D07}.Debug|x64.ActiveCfg = Debug|x64
		{4A2A6024-86F7-4984-8100-62F3D7EE3D07}.Debug|x64.Build.0 = Debug|x64
		{4A2A6024-86F7-4984-8100-62F3D7EE3D07}.Debug|x86.ActiveCfg = Debug|Win32
		{4A2A6024-86F7-4984-8100-62F3D7EE3D07}.Debug|x86.Build.0 = Debug|Win32
		{4A2A6024-86F7-4984-8100-62F3D7EE3D07}.Release|x64.ActiveCfg = Release|x64
		{4A2A6024-86F7-4984-8100-62F3D7EE3D07}.Release|x64.Build.0 = Release|x64
		{4A2A6024-86F7-4984-8100-62F3D7EE3D07}.Release|x86.ActiveCfg = Release|Win32
		{4A2A6024-86F7-4984-8100-62F3D7EE3D07}.Release|x86.Build.0 = Release|Win32
		{5EE18DCD-530A-4EEF-8224-BC7C34584254}.Debug|x64.ActiveCfg = Debug|x64
		{5EE18DCD-530A-4EEF-8224-BC7C34584254}.Debug|x64.Build.0 = Debug|x64
		{5EE18DCD-530A-4EEF-8224-BC7C34584254}.Debug|x86.ActiveCfg = Debug|Win32
		{5EE18DCD-530A-4EEF-8224-BC7C34584254}.Debug|x86.Build.0 = Debug|Win32
		{5EE18DCD-530A-4EEF-8224-BC7C34584254}.Release|x64.ActiveCfg = Release|x64
		{5EE18DCD-530A-4EEF-8224-BC7C34584254}.Release|x64.Build.0 = Release|x64
		{5EE18DCD-530A-4EEF-8224-BC7C34584254}.Release|x86.ActiveCfg = Release|Win32
		{5EE18DCD-530A-4EEF-8224-BC7C34584254}.Release|x86.Build.0 = Release|Win32
		{0F00B3E0-6787-4632-ABEF-56903EF6A748}.Debug|x64.ActiveCfg = Debug|x64
		{0F00B3E0-6787-4632-ABEF-56903EF6A748}.Debug|x64.Build.0 = Debug|x64
		{0F00B3E0-6787-4632-ABEF-56903EF6A748}.Debug|x86.ActiveCfg = Debug|Win32
		{0F00B3E0-6787-4632-ABEF-56903EF6A748}.Debug|x86.Build.0 = Debug|Win32
		{0F00B3E0-6787-4632-ABEF-56903EF6A748}.Release|x64.ActiveCfg = Release|x64
		{0F00B3E0-6787-4632-ABEF-56903EF6A748}.Release|x64.Build.0 = Release|x64
		{0F00B3E0-6787-4632-ABEF-56903EF6A748}.Release|x86.ActiveCfg = Release|Win32
		{0F00B3E0-6787-4632-ABEF-56903EF6A748}.Release|x86.Build.0 = Release|Win32
		{DE0C3414-8A66-47A5-93BB-F374F818F3CF}.Debug|x64.ActiveCfg = Debug|x64
		{DE0C3414-8A66-47A5-93BB-F374F818F3CF}.Debug|x64.Build.0 = Debug|x64
		{DE0C3414-8A66-47A5-93BB-F374F818F3CF}.Debug|x86.ActiveCfg = Debug|Win32
		{DE0C3414-8A66-47A5-93BB-F374F818F3CF}.Debug|x86.Build.0 = Debug|Win32
		{DE0C3414-8A66-47A5-93BB-F374F818F3CF}.Release|x64.ActiveCfg = Release|x64
		{DE0C3414-8A66-47A5-93BB-F374F818F3CF}.Release|x64.Build.0 = Release|x64
		{DE0C3414-8A66-47A5-93BB-F374F818F3CF}.Release|x86.ActiveCfg = Release|Win32
		{DE0C3414-8A66-47A5-93BB-F374F818F3CF}.Release|x86.Build.0 = Release|Win32
		{AA238E45-A466-4C6E-9E33-84019761A3D0}.Debug|x64.ActiveCfg = Debug|x64
		{AA238E45-A466-4C6E-9E33-84019761A3D0}.Debug|x64.Build.0 = Debug|x64
		{AA238E45-A466-4C6E-9E33-84019761A3D0}.Debug|x86.ActiveCfg = Debug|Win32
		{AA238E45-A466-4C6E-9E33-84019761A3D0}.Debug|x86.Build.0 = Debug|Win32
		{AA238E45-A466-4C6E-9E33-84019761A3D0}.Release|x64.ActiveCfg = Release|x64
		{AA238E45-A466-4C6E-9E33-84019761A3D0}.Release|x64.Build.0 = Release|x64
		{AA238E45-A466-4C6E-9E33-84019761A3D0}.Release|x86.ActiveCfg = Release|Win32
		{AA238E45-A466-4C6E-9E33-84019761A3D0}.Release|x86.Build.0 = Release|Win32
		{7DFCD63D-A2E6-43B3-ADE6-1C5B8F441E78}.Debug|x64.ActiveCfg = Debug|x64
		{7DFCD63D-A2E6-43B3-ADE6-1C5B8F441E78}.Debug|x64.Build.0 = Debug|x64
		{7DFCD63D-A2E6-43B3-ADE6-1C5B8F441E78}.Debug|x86.ActiveCfg = Debug|Win32
		{7DFCD63D-A2E6-43B3-ADE6-1C5B8F441E78}.Debug|x86.Build.0 = Debug|Win32
		{7DFCD63D-A2E6-43B3-ADE6-1C5B8F441E78}.Release|x64.ActiveCfg = Release|x64
		{7DFCD63D-A2E6-43B3-ADE6-1C5B8F441E78}.Release|x64.Build.0 = Release|x64
		{7DFCD63D-A2E6-43B3-ADE6-1C5B8F441E78}.Release|x86.ActiveCfg = Release|Win32
		{7DFCD63D-A2E6-43B3-ADE6-1C5B8F441E78}.Release|x86.Build.0 = Release|Win32
		{F840512D-5CA3-43B3-9CF8-F112BC4EF72B}.Debug|x64.ActiveCfg = Debug|x64
		{F840512D-5CA3-43B3-9CF8-F112BC4EF72B}.Debug|x64.Build.0 = Debug|x64
		{F840512D-5CA3-43B3-9CF8-F112BC4EF72B}.Debug|x86.ActiveCfg = Debug|Win32
		{F840512D-5CA3-43B3-9CF8-F112BC4EF72B}.Debug|x86.Build.0 = Debug|Win32
		{F840512D-5CA3-43B3-9CF8-F112BC4EF72B}.Release|x64.ActiveCfg = Release|x64
		{F840512D-5CA3-43B3-9CF8-F112BC4EF72B}.Release|x64.Build.0 = Release|x64
		{F840512D-5CA3-43B3-9CF8-F112BC4EF72B}.Release|x86.ActiveCfg = Release|Win32
		{F840512D-5CA3-43B3-9CF8-F112BC4EF72B}.Release|x86.Build.0 = Release|Win32
		{79B6308F-5897-4239-8F69-BBB51096B307}.Debug|x64.ActiveCfg = Debug|x64
		{79B6308F-5897-4239-8F69-BBB51096B307}.Debug|x64.Build.0 = Debug|x64
		{79B6308F-5897-4239-8F69-BBB51096B307}.Debug|x86.ActiveCfg = Debug|Win32
		{79B6308F-5897-4239-8F69-BBB51096B307}.Debug|x86.Build.0 = Debug|Win32
		{79B6308F-5897-4239-8F69-BBB51096B307}.Release|x64.ActiveCfg = Release|x64
		{79B6308F-5897-4239-8F69-BBB51096B307}.Release|x64.Build.0 = Release|x64
		{79B6308F-5897-4239-8F69-BBB51096B307}.Release|x86.ActiveCfg = Release|Win32
		{79B6308F-5897-4239-8F69-BBB51096B307}.Release|x86.Build.0 = Release|Win32
		{EAD7B04D-9549-4F2F-935D-980CA3CCC1AB}.Debug|x64.ActiveCfg = Debug|x64
		{EAD7B04D-9549-4F2F-935D-980CA3CCC1AB}.Debug|x64.Build.0 = Debug|x64
		{EAD7B04D-9549-4F2F-935D-980CA3CCC1AB}.Debug|x86.ActiveCfg = Debug|Win32
		{EAD7B04D-9549-4F2F-935D-980CA3CCC1AB}.Debug|x86.Build.0 = Debug|Win32
		{EAD7B04D-9549-4F2F-935D-980CA3CCC1AB}.Release|x64.ActiveCfg = Release|x64
		{EAD7B04D-9549-4F2F-935D-980CA3CCC1AB}.Release|x64.Build.0 = Release|x64
		{EAD7B04D-9549-4F2F-935D-980CA3CCC1AB}.Release|x86.ActiveCfg = Release|Win32
		{EAD7B04D-9549-4F2F-935D-980CA3CCC1AB}.Release|x86.Build.0 = Release|Win32
	EndGlobalSection
	GlobalSection(SolutionProperties) = preSolution
		HideSolutionNode = FALSE
	EndGlobalSection
	GlobalSection(ExtensibilityGlobals) = postSolution
		SolutionGuid = {F90B897A-82B9-4316-9F8E-5131B9F23508}
	EndGlobalSection
EndGlobal
